
Microsoft Visual Studio Solution File, Format Version 12.00
# Visual Studio Version 16
VisualStudioVersion = 16.0.30611.23
MinimumVisualStudioVersion = 10.0.40219.1
Project("{FAE04EC0-301F-11D3-BF4B-00C04F79EFBC}") = "A-KEY-PASS", "A-KEY-PASS\A-KEY-PASS.csproj", "{168E5E07-F6C4-480D-9416-082C893B4E03}"
EndProject
Project("{840C416C-B8F3-42BC-B0DD-F6BB14C9F8CB}") = "install", "install\install.aiproj", "{178DD0F5-B38E-490B-A672-FE69BF0E6736}"
EndProject
Global
	GlobalSection(SolutionConfigurationPlatforms) = preSolution
		All|Any CPU = All|Any CPU
		Debug|Any CPU = Debug|Any CPU
		Release|Any CPU = Release|Any CPU
	EndGlobalSection
	GlobalSection(ProjectConfigurationPlatforms) = postSolution
		{168E5E07-F6C4-480D-9416-082C893B4E03}.All|Any CPU.ActiveCfg = Release|Any CPU
		{168E5E07-F6C4-480D-9416-082C893B4E03}.All|Any CPU.Build.0 = Release|Any CPU
		{168E5E07-F6C4-480D-9416-082C893B4E03}.Debug|Any CPU.ActiveCfg = Debug|Any CPU
		{168E5E07-F6C4-480D-9416-082C893B4E03}.Debug|Any CPU.Build.0 = Debug|Any CPU
		{168E5E07-F6C4-480D-9416-082C893B4E03}.Release|Any CPU.ActiveCfg = Release|Any CPU
		{168E5E07-F6C4-480D-9416-082C893B4E03}.Release|Any CPU.Build.0 = Release|Any CPU
		{178DD0F5-B38E-490B-A672-FE69BF0E6736}.All|Any CPU.ActiveCfg = DefaultBuild
		{178DD0F5-B38E-490B-A672-FE69BF0E6736}.Debug|Any CPU.ActiveCfg = DefaultBuild
		{178DD0F5-B38E-490B-A672-FE69BF0E6736}.Release|Any CPU.ActiveCfg = DefaultBuild
	EndGlobalSection
	GlobalSection(SolutionProperties) = preSolution
		HideSolutionNode = FALSE
	EndGlobalSection
	GlobalSection(ExtensibilityGlobals) = postSolution
		SolutionGuid = {F8AACC26-64D3-4832-A70F-61A1AF42EE37}
	EndGlobalSection
EndGlobal
